PODS:
  - CEPCombine (0.1.0)
  - InvertedSwift (0.1.0)

DEPENDENCIES:
  - CEPCombine (from `https://github.com/IsaacDouglas/CEPCombine.git`)
  - InvertedSwift (from `https://github.com/IsaacDouglas/InvertedSwift.git`)

EXTERNAL SOURCES:
  CEPCombine:
    :git: https://github.com/IsaacDouglas/CEPCombine.git
  InvertedSwift:
    :git: https://github.com/IsaacDouglas/InvertedSwift.git

CHECKOUT OPTIONS:
  CEPCombine:
    :commit: ec570d94877e4d7cd43c6cb5df3606896d32ac26
    :git: https://github.com/IsaacDouglas/CEPCombine.git
  InvertedSwift:
    :commit: e0bb6e5b05447a13c55aa26bc89f0a6420e56f36
    :git: https://github.com/IsaacDouglas/InvertedSwift.git

SPEC CHECKSUMS:
  CEPCombine: 65bdd8e81ea901afc22b1b6bfef65230f05bde75
  InvertedSwift: 0c99e0568e9024bff821033a66deca8542af82cb

PODFILE CHECKSUM: c6793a65ea605015baf2cd41a4725031cb5efe95

COCOAPODS: 1.8.4
